
Microsoft Visual Studio Solution File, Format Version 12.00
# Visual Studio Version 16
VisualStudioVersion = 16.0.30907.101
MinimumVisualStudioVersion = 10.0.40219.1
Project("{8BC9CEB8-8B4A-11D0-8D11-00A0C91BC942}") = "tp2github", "tp2github.vcxproj", "{69733AF3-2D13-4CD4-A469-8B251C4890FE}"
EndProject
Global
	GlobalSection(SolutionConfigurationPlatforms) = preSolution
		Debug|x64 = Debug|x64
		Debug|x86 = Debug|x86
		Release|x64 = Release|x64
		Release|x86 = Release|x86
	EndGlobalSection
	GlobalSection(ProjectConfigurationPlatforms) = postSolution
		{69733AF3-2D13-4CD4-A469-8B251C4890FE}.Debug|x64.ActiveCfg = Debug|x64
		{69733AF3-2D13-4CD4-A469-8B251C4890FE}.Debug|x64.Build.0 = Debug|x64
		{69733AF3-2D13-4CD4-A469-8B251C4890FE}.Debug|x86.ActiveCfg = Debug|Win32
		{69733AF3-2D13-4CD4-A469-8B251C4890FE}.Debug|x86.Build.0 = Debug|Win32
		{69733AF3-2D13-4CD4-A469-8B251C4890FE}.Release|x64.ActiveCfg = Release|x64
		{69733AF3-2D13-4CD4-A469-8B251C4890FE}.Release|x64.Build.0 = Release|x64
		{69733AF3-2D13-4CD4-A469-8B251C4890FE}.Release|x86.ActiveCfg = Release|Win32
		{69733AF3-2D13-4CD4-A469-8B251C4890FE}.Release|x86.Build.0 = Release|Win32
	EndGlobalSection
	GlobalSection(SolutionProperties) = preSolution
		HideSolutionNode = FALSE
	EndGlobalSection
	GlobalSection(ExtensibilityGlobals) = postSolution
		SolutionGuid = {EC8A9199-0185-4E61-97B1-9AFAF3555757}
	EndGlobalSection
EndGlobal
